// !$*UTF8*$!
{
	archiveVersion = 1;
	classes = {
	};
	objectVersion = 56;
	objects = {

/* Begin PBXBuildFile section */
		9B10E38129EB1BCB00F12BBC /* NPhotoEntity+Class.swift in Sources */ = {isa = PBXBuildFile; fileRef = 9B10E38029EB1BCB00F12BBC /* NPhotoEntity+Class.swift */; };
		9B10E38329EB1BEA00F12BBC /* NPhotoEntity+Properties.swift in Sources */ = {isa = PBXBuildFile; fileRef = 9B10E38229EB1BEA00F12BBC /* NPhotoEntity+Properties.swift */; };
		9B302DFA29E98F8B00F571CB /* ReconlabsApp.swift in Sources */ = {isa = PBXBuildFile; fileRef = 9B302DF929E98F8B00F571CB /* ReconlabsApp.swift */; };
		9B302DFE29E98F8C00F571CB /* Assets.xcassets in Resources */ = {isa = PBXBuildFile; fileRef = 9B302DFD29E98F8C00F571CB /* Assets.xcassets */; };
		9B302E0129E98F8C00F571CB /* Preview Assets.xcassets in Resources */ = {isa = PBXBuildFile; fileRef = 9B302E0029E98F8C00F571CB /* Preview Assets.xcassets */; };
		9B302E0329E98F8C00F571CB /* Persistence.swift in Sources */ = {isa = PBXBuildFile; fileRef = 9B302E0229E98F8C00F571CB /* Persistence.swift */; };
		9B302E1029E98F8C00F571CB /* ReconlabsTests.swift in Sources */ = {isa = PBXBuildFile; fileRef = 9B302E0F29E98F8C00F571CB /* ReconlabsTests.swift */; };
		9B302E1A29E98F8C00F571CB /* ReconlabsUITests.swift in Sources */ = {isa = PBXBuildFile; fileRef = 9B302E1929E98F8C00F571CB /* ReconlabsUITests.swift */; };
		9B302E1C29E98F8C00F571CB /* ReconlabsUITestsLaunchTests.swift in Sources */ = {isa = PBXBuildFile; fileRef = 9B302E1B29E98F8C00F571CB /* ReconlabsUITestsLaunchTests.swift */; };
		9B302E2C29E9912000F571CB /* .swiftformat in Resources */ = {isa = PBXBuildFile; fileRef = 9B302E2A29E9912000F571CB /* .swiftformat */; };
		9B302E2D29E9912000F571CB /* .swiftlint.yml in Resources */ = {isa = PBXBuildFile; fileRef = 9B302E2B29E9912000F571CB /* .swiftlint.yml */; };
		9B680EA829EB185600438853 /* CameraPreviewViewModel.swift in Sources */ = {isa = PBXBuildFile; fileRef = 9B680EA129EB185600438853 /* CameraPreviewViewModel.swift */; };
		9B680EA929EB185600438853 /* HorizontalButtonView.swift in Sources */ = {isa = PBXBuildFile; fileRef = 9B680EA229EB185600438853 /* HorizontalButtonView.swift */; };
		9B680EAA29EB185600438853 /* ButtonView.swift in Sources */ = {isa = PBXBuildFile; fileRef = 9B680EA329EB185600438853 /* ButtonView.swift */; };
		9B680EAB29EB185600438853 /* AVCaptureSessionPreview.swift in Sources */ = {isa = PBXBuildFile; fileRef = 9B680EA429EB185600438853 /* AVCaptureSessionPreview.swift */; };
		9B680EAC29EB185600438853 /* CircleButtonView.swift in Sources */ = {isa = PBXBuildFile; fileRef = 9B680EA529EB185600438853 /* CircleButtonView.swift */; };
		9B680EAD29EB185600438853 /* CameraPreviewView.swift in Sources */ = {isa = PBXBuildFile; fileRef = 9B680EA629EB185600438853 /* CameraPreviewView.swift */; };
		9B680EAE29EB185600438853 /* UserInterface.swift in Sources */ = {isa = PBXBuildFile; fileRef = 9B680EA729EB185600438853 /* UserInterface.swift */; };
		9B680EB629EB187C00438853 /* Bundle+Extension.swift in Sources */ = {isa = PBXBuildFile; fileRef = 9B680EAF29EB187C00438853 /* Bundle+Extension.swift */; };
		9B680EB829EB187C00438853 /* Util.swift in Sources */ = {isa = PBXBuildFile; fileRef = 9B680EB129EB187C00438853 /* Util.swift */; };
		9B680EB929EB187C00438853 /* CoreDataHelper.swift in Sources */ = {isa = PBXBuildFile; fileRef = 9B680EB229EB187C00438853 /* CoreDataHelper.swift */; };
		9B680EBA29EB187C00438853 /* PersistenceHelper.swift in Sources */ = {isa = PBXBuildFile; fileRef = 9B680EB329EB187C00438853 /* PersistenceHelper.swift */; };
		9B680EBC29EB187C00438853 /* Log.swift in Sources */ = {isa = PBXBuildFile; fileRef = 9B680EB529EB187C00438853 /* Log.swift */; };
		9B680EC029EB18CB00438853 /* CameraView.swift in Sources */ = {isa = PBXBuildFile; fileRef = 9B680EBF29EB18CB00438853 /* CameraView.swift */; };
		9B680EC229EB18D600438853 /* MainView.swift in Sources */ = {isa = PBXBuildFile; fileRef = 9B680EC129EB18D600438853 /* MainView.swift */; };
		9B680ECB29EB199E00438853 /* Reconlabs.xcdatamodeld in Sources */ = {isa = PBXBuildFile; fileRef = 9B680EC929EB199E00438853 /* Reconlabs.xcdatamodeld */; };
/* End PBXBuildFile section */

/* Begin PBXContainerItemProxy section */
		9B302E0C29E98F8C00F571CB /* PBXContainerItemProxy */ = {
			isa = PBXContainerItemProxy;
			containerPortal = 9B302DEE29E98F8B00F571CB /* Project object */;
			proxyType = 1;
			remoteGlobalIDString = 9B302DF529E98F8B00F571CB;
			remoteInfo = Reconlabs;
		};
		9B302E1629E98F8C00F571CB /* PBXContainerItemProxy */ = {
			isa = PBXContainerItemProxy;
			containerPortal = 9B302DEE29E98F8B00F571CB /* Project object */;
			proxyType = 1;
			remoteGlobalIDString = 9B302DF529E98F8B00F571CB;
			remoteInfo = Reconlabs;
		};
/* End PBXContainerItemProxy section */

/* Begin PBXFileReference section */
		9B10E38029EB1BCB00F12BBC /* NPhotoEntity+Class.swift */ = {isa = PBXFileReference; lastKnownFileType = sourcecode.swift; path = "NPhotoEntity+Class.swift"; sourceTree = "<group>"; };
		9B10E38229EB1BEA00F12BBC /* NPhotoEntity+Properties.swift */ = {isa = PBXFileReference; lastKnownFileType = sourcecode.swift; path = "NPhotoEntity+Properties.swift"; sourceTree = "<group>"; };
		9B302DF629E98F8B00F571CB /* Reconlabs.app */ = {isa = PBXFileReference; explicitFileType = wrapper.application; includeInIndex = 0; path = Reconlabs.app; sourceTree = BUILT_PRODUCTS_DIR; };
		9B302DF929E98F8B00F571CB /* ReconlabsApp.swift */ = {isa = PBXFileReference; lastKnownFileType = sourcecode.swift; path = ReconlabsApp.swift; sourceTree = "<group>"; };
		9B302DFD29E98F8C00F571CB /* Assets.xcassets */ = {isa = PBXFileReference; lastKnownFileType = folder.assetcatalog; path = Assets.xcassets; sourceTree = "<group>"; };
		9B302E0029E98F8C00F571CB /* Preview Assets.xcassets */ = {isa = PBXFileReference; lastKnownFileType = folder.assetcatalog; path = "Preview Assets.xcassets"; sourceTree = "<group>"; };
		9B302E0229E98F8C00F571CB /* Persistence.swift */ = {isa = PBXFileReference; lastKnownFileType = sourcecode.swift; path = Persistence.swift; sourceTree = "<group>"; };
		9B302E0B29E98F8C00F571CB /* ReconlabsTests.xctest */ = {isa = PBXFileReference; explicitFileType = wrapper.cfbundle; includeInIndex = 0; path = ReconlabsTests.xctest; sourceTree = BUILT_PRODUCTS_DIR; };
		9B302E0F29E98F8C00F571CB /* ReconlabsTests.swift */ = {isa = PBXFileReference; lastKnownFileType = sourcecode.swift; path = ReconlabsTests.swift; sourceTree = "<group>"; };
		9B302E1529E98F8C00F571CB /* ReconlabsUITests.xctest */ = {isa = PBXFileReference; explicitFileType = wrapper.cfbundle; includeInIndex = 0; path = ReconlabsUITests.xctest; sourceTree = BUILT_PRODUCTS_DIR; };
		9B302E1929E98F8C00F571CB /* ReconlabsUITests.swift */ = {isa = PBXFileReference; lastKnownFileType = sourcecode.swift; path = ReconlabsUITests.swift; sourceTree = "<group>"; };
		9B302E1B29E98F8C00F571CB /* ReconlabsUITestsLaunchTests.swift */ = {isa = PBXFileReference; lastKnownFileType = sourcecode.swift; path = ReconlabsUITestsLaunchTests.swift; sourceTree = "<group>"; };
		9B302E2A29E9912000F571CB /* .swiftformat */ = {isa = PBXFileReference; fileEncoding = 4; lastKnownFileType = text; path = .swiftformat; sourceTree = "<group>"; };
		9B302E2B29E9912000F571CB /* .swiftlint.yml */ = {isa = PBXFileReference; fileEncoding = 4; lastKnownFileType = text.yaml; path = .swiftlint.yml; sourceTree = "<group>"; };
		9B680EA129EB185600438853 /* CameraPreviewViewModel.swift */ = {isa = PBXFileReference; fileEncoding = 4; lastKnownFileType = sourcecode.swift; path = CameraPreviewViewModel.swift; sourceTree = "<group>"; };
		9B680EA229EB185600438853 /* HorizontalButtonView.swift */ = {isa = PBXFileReference; fileEncoding = 4; lastKnownFileType = sourcecode.swift; path = HorizontalButtonView.swift; sourceTree = "<group>"; };
		9B680EA329EB185600438853 /* ButtonView.swift */ = {isa = PBXFileReference; fileEncoding = 4; lastKnownFileType = sourcecode.swift; path = ButtonView.swift; sourceTree = "<group>"; };
		9B680EA429EB185600438853 /* AVCaptureSessionPreview.swift */ = {isa = PBXFileReference; fileEncoding = 4; lastKnownFileType = sourcecode.swift; path = AVCaptureSessionPreview.swift; sourceTree = "<group>"; };
		9B680EA529EB185600438853 /* CircleButtonView.swift */ = {isa = PBXFileReference; fileEncoding = 4; lastKnownFileType = sourcecode.swift; path = CircleButtonView.swift; sourceTree = "<group>"; };
		9B680EA629EB185600438853 /* CameraPreviewView.swift */ = {isa = PBXFileReference; fileEncoding = 4; lastKnownFileType = sourcecode.swift; path = CameraPreviewView.swift; sourceTree = "<group>"; };
		9B680EA729EB185600438853 /* UserInterface.swift */ = {isa = PBXFileReference; fileEncoding = 4; lastKnownFileType = sourcecode.swift; path = UserInterface.swift; sourceTree = "<group>"; };
		9B680EAF29EB187C00438853 /* Bundle+Extension.swift */ = {isa = PBXFileReference; fileEncoding = 4; lastKnownFileType = sourcecode.swift; path = "Bundle+Extension.swift"; sourceTree = "<group>"; };
		9B680EB129EB187C00438853 /* Util.swift */ = {isa = PBXFileReference; fileEncoding = 4; lastKnownFileType = sourcecode.swift; path = Util.swift; sourceTree = "<group>"; };
		9B680EB229EB187C00438853 /* CoreDataHelper.swift */ = {isa = PBXFileReference; fileEncoding = 4; lastKnownFileType = sourcecode.swift; path = CoreDataHelper.swift; sourceTree = "<group>"; };
		9B680EB329EB187C00438853 /* PersistenceHelper.swift */ = {isa = PBXFileReference; fileEncoding = 4; lastKnownFileType = sourcecode.swift; path = PersistenceHelper.swift; sourceTree = "<group>"; };
		9B680EB529EB187C00438853 /* Log.swift */ = {isa = PBXFileReference; fileEncoding = 4; lastKnownFileType = sourcecode.swift; path = Log.swift; sourceTree = "<group>"; };
		9B680EBF29EB18CB00438853 /* CameraView.swift */ = {isa = PBXFileReference; fileEncoding = 4; lastKnownFileType = sourcecode.swift; path = CameraView.swift; sourceTree = "<group>"; };
		9B680EC129EB18D600438853 /* MainView.swift */ = {isa = PBXFileReference; fileEncoding = 4; lastKnownFileType = sourcecode.swift; path = MainView.swift; sourceTree = "<group>"; };
		9B680ECA29EB199E00438853 /* Reconlabs.xcdatamodel */ = {isa = PBXFileReference; lastKnownFileType = wrapper.xcdatamodel; path = Reconlabs.xcdatamodel; sourceTree = "<group>"; };
/* End PBXFileReference section */

/* Begin PBXFrameworksBuildPhase section */
		9B302DF329E98F8B00F571CB /* Frameworks */ = {
			isa = PBXFrameworksBuildPhase;
			buildActionMask = 2147483647;
			files = (
			);
			runOnlyForDeploymentPostprocessing = 0;
		};
		9B302E0829E98F8C00F571CB /* Frameworks */ = {
			isa = PBXFrameworksBuildPhase;
			buildActionMask = 2147483647;
			files = (
			);
			runOnlyForDeploymentPostprocessing = 0;
		};
		9B302E1229E98F8C00F571CB /* Frameworks */ = {
			isa = PBXFrameworksBuildPhase;
			buildActionMask = 2147483647;
			files = (
			);
			runOnlyForDeploymentPostprocessing = 0;
		};
/* End PBXFrameworksBuildPhase section */

/* Begin PBXGroup section */
		9B302DED29E98F8B00F571CB = {
			isa = PBXGroup;
			children = (
				9B302E2A29E9912000F571CB /* .swiftformat */,
				9B302E2B29E9912000F571CB /* .swiftlint.yml */,
				9B302E2829E990AE00F571CB /* Packages */,
				9B302DF829E98F8B00F571CB /* Reconlabs */,
				9B302E0E29E98F8C00F571CB /* ReconlabsTests */,
				9B302E1829E98F8C00F571CB /* ReconlabsUITests */,
				9B302DF729E98F8B00F571CB /* Products */,
				9B302E3029E9936C00F571CB /* Frameworks */,
			);
			sourceTree = "<group>";
		};
		9B302DF729E98F8B00F571CB /* Products */ = {
			isa = PBXGroup;
			children = (
				9B302DF629E98F8B00F571CB /* Reconlabs.app */,
				9B302E0B29E98F8C00F571CB /* ReconlabsTests.xctest */,
				9B302E1529E98F8C00F571CB /* ReconlabsUITests.xctest */,
			);
			name = Products;
			sourceTree = "<group>";
		};
		9B302DF829E98F8B00F571CB /* Reconlabs */ = {
			isa = PBXGroup;
			children = (
				9B302DF929E98F8B00F571CB /* ReconlabsApp.swift */,
				9B680EBE29EB189A00438853 /* Entities */,
				9B680EBD29EB188000438853 /* Helpers */,
				9B680EA029EB182800438853 /* UserInterface */,
				9B680E9F29EB182200438853 /* Utils */,
				9B680E9C29EB17FE00438853 /* Features */,
				9B680EC929EB199E00438853 /* Reconlabs.xcdatamodeld */,
				9B302DFD29E98F8C00F571CB /* Assets.xcassets */,
				9B302DFF29E98F8C00F571CB /* Preview Content */,
			);
			path = Reconlabs;
			sourceTree = "<group>";
		};
		9B302DFF29E98F8C00F571CB /* Preview Content */ = {
			isa = PBXGroup;
			children = (
				9B302E0029E98F8C00F571CB /* Preview Assets.xcassets */,
			);
			path = "Preview Content";
			sourceTree = "<group>";
		};
		9B302E0E29E98F8C00F571CB /* ReconlabsTests */ = {
			isa = PBXGroup;
			children = (
				9B302E0F29E98F8C00F571CB /* ReconlabsTests.swift */,
			);
			path = ReconlabsTests;
			sourceTree = "<group>";
		};
		9B302E1829E98F8C00F571CB /* ReconlabsUITests */ = {
			isa = PBXGroup;
			children = (
				9B302E1929E98F8C00F571CB /* ReconlabsUITests.swift */,
				9B302E1B29E98F8C00F571CB /* ReconlabsUITestsLaunchTests.swift */,
			);
			path = ReconlabsUITests;
			sourceTree = "<group>";
		};
		9B302E2829E990AE00F571CB /* Packages */ = {
			isa = PBXGroup;
			children = (
			);
			name = Packages;
			sourceTree = "<group>";
		};
		9B302E3029E9936C00F571CB /* Frameworks */ = {
			isa = PBXGroup;
			children = (
			);
			name = Frameworks;
			sourceTree = "<group>";
		};
		9B680E9C29EB17FE00438853 /* Features */ = {
			isa = PBXGroup;
			children = (
				9B680E9E29EB181400438853 /* FeatureCamera */,
				9B680E9D29EB180D00438853 /* FeatureMain */,
			);
			path = Features;
			sourceTree = "<group>";
		};
		9B680E9D29EB180D00438853 /* FeatureMain */ = {
			isa = PBXGroup;
			children = (
				9B680EC129EB18D600438853 /* MainView.swift */,
			);
			path = FeatureMain;
			sourceTree = "<group>";
		};
		9B680E9E29EB181400438853 /* FeatureCamera */ = {
			isa = PBXGroup;
			children = (
				9B680EBF29EB18CB00438853 /* CameraView.swift */,
			);
			path = FeatureCamera;
			sourceTree = "<group>";
		};
		9B680E9F29EB182200438853 /* Utils */ = {
			isa = PBXGroup;
			children = (
				9B680EAF29EB187C00438853 /* Bundle+Extension.swift */,
				9B680EB529EB187C00438853 /* Log.swift */,
				9B680EB129EB187C00438853 /* Util.swift */,
			);
			path = Utils;
			sourceTree = "<group>";
		};
		9B680EA029EB182800438853 /* UserInterface */ = {
			isa = PBXGroup;
			children = (
				9B680EA429EB185600438853 /* AVCaptureSessionPreview.swift */,
				9B680EA329EB185600438853 /* ButtonView.swift */,
				9B680EA629EB185600438853 /* CameraPreviewView.swift */,
				9B680EA129EB185600438853 /* CameraPreviewViewModel.swift */,
				9B680EA529EB185600438853 /* CircleButtonView.swift */,
				9B680EA229EB185600438853 /* HorizontalButtonView.swift */,
				9B680EA729EB185600438853 /* UserInterface.swift */,
			);
			path = UserInterface;
			sourceTree = "<group>";
		};
		9B680EBD29EB188000438853 /* Helpers */ = {
			isa = PBXGroup;
			children = (
				9B302E0229E98F8C00F571CB /* Persistence.swift */,
				9B680EB229EB187C00438853 /* CoreDataHelper.swift */,
				9B680EB329EB187C00438853 /* PersistenceHelper.swift */,
			);
			path = Helpers;
			sourceTree = "<group>";
		};
		9B680EBE29EB189A00438853 /* Entities */ = {
			isa = PBXGroup;
			children = (
				9B10E38029EB1BCB00F12BBC /* NPhotoEntity+Class.swift */,
				9B10E38229EB1BEA00F12BBC /* NPhotoEntity+Properties.swift */,
			);
			path = Entities;
			sourceTree = "<group>";
		};
/* End PBXGroup section */

/* Begin PBXNativeTarget section */
		9B302DF529E98F8B00F571CB /* Reconlabs */ = {
			isa = PBXNativeTarget;
			buildConfigurationList = 9B302E1F29E98F8C00F571CB /* Build configuration list for PBXNativeTarget "Reconlabs" */;
			buildPhases = (
				9B302E2F29E9914300F571CB /* SwiftFormat Script */,
				9B302E2E29E9912900F571CB /* SwiftLint Script */,
				9B302DF229E98F8B00F571CB /* Sources */,
				9B302DF329E98F8B00F571CB /* Frameworks */,
				9B302DF429E98F8B00F571CB /* Resources */,
			);
			buildRules = (
			);
			dependencies = (
			);
			name = Reconlabs;
			packageProductDependencies = (
			);
			productName = Reconlabs;
			productReference = 9B302DF629E98F8B00F571CB /* Reconlabs.app */;
			productType = "com.apple.product-type.application";
		};
		9B302E0A29E98F8C00F571CB /* ReconlabsTests */ = {
			isa = PBXNativeTarget;
			buildConfigurationList = 9B302E2229E98F8C00F571CB /* Build configuration list for PBXNativeTarget "ReconlabsTests" */;
			buildPhases = (
				9B302E0729E98F8C00F571CB /* Sources */,
				9B302E0829E98F8C00F571CB /* Frameworks */,
				9B302E0929E98F8C00F571CB /* Resources */,
			);
			buildRules = (
			);
			dependencies = (
				9B302E0D29E98F8C00F571CB /* PBXTargetDependency */,
			);
			name = ReconlabsTests;
			productName = ReconlabsTests;
			productReference = 9B302E0B29E98F8C00F571CB /* ReconlabsTests.xctest */;
			productType = "com.apple.product-type.bundle.unit-test";
		};
		9B302E1429E98F8C00F571CB /* ReconlabsUITests */ = {
			isa = PBXNativeTarget;
			buildConfigurationList = 9B302E2529E98F8C00F571CB /* Build configuration list for PBXNativeTarget "ReconlabsUITests" */;
			buildPhases = (
				9B302E1129E98F8C00F571CB /* Sources */,
				9B302E1229E98F8C00F571CB /* Frameworks */,
				9B302E1329E98F8C00F571CB /* Resources */,
			);
			buildRules = (
			);
			dependencies = (
				9B302E1729E98F8C00F571CB /* PBXTargetDependency */,
			);
			name = ReconlabsUITests;
			productName = ReconlabsUITests;
			productReference = 9B302E1529E98F8C00F571CB /* ReconlabsUITests.xctest */;
			productType = "com.apple.product-type.bundle.ui-testing";
		};
/* End PBXNativeTarget section */

/* Begin PBXProject section */
		9B302DEE29E98F8B00F571CB /* Project object */ = {
			isa = PBXProject;
			attributes = {
				BuildIndependentTargetsInParallel = 1;
				LastSwiftUpdateCheck = 1420;
				LastUpgradeCheck = 1420;
				TargetAttributes = {
					9B302DF529E98F8B00F571CB = {
						CreatedOnToolsVersion = 14.2;
					};
					9B302E0A29E98F8C00F571CB = {
						CreatedOnToolsVersion = 14.2;
						TestTargetID = 9B302DF529E98F8B00F571CB;
					};
					9B302E1429E98F8C00F571CB = {
						CreatedOnToolsVersion = 14.2;
						TestTargetID = 9B302DF529E98F8B00F571CB;
					};
				};
			};
			buildConfigurationList = 9B302DF129E98F8B00F571CB /* Build configuration list for PBXProject "Reconlabs" */;
			compatibilityVersion = "Xcode 14.0";
			developmentRegion = en;
			hasScannedForEncodings = 0;
			knownRegions = (
				en,
				Base,
			);
			mainGroup = 9B302DED29E98F8B00F571CB;
			productRefGroup = 9B302DF729E98F8B00F571CB /* Products */;
			projectDirPath = "";
			projectRoot = "";
			targets = (
				9B302DF529E98F8B00F571CB /* Reconlabs */,
				9B302E0A29E98F8C00F571CB /* ReconlabsTests */,
				9B302E1429E98F8C00F571CB /* ReconlabsUITests */,
			);
		};
/* End PBXProject section */

/* Begin PBXResourcesBuildPhase section */
		9B302DF429E98F8B00F571CB /* Resources */ = {
			isa = PBXResourcesBuildPhase;
			buildActionMask = 2147483647;
			files = (
				9B302E2D29E9912000F571CB /* .swiftlint.yml in Resources */,
				9B302E0129E98F8C00F571CB /* Preview Assets.xcassets in Resources */,
				9B302DFE29E98F8C00F571CB /* Assets.xcassets in Resources */,
				9B302E2C29E9912000F571CB /* .swiftformat in Resources */,
			);
			runOnlyForDeploymentPostprocessing = 0;
		};
		9B302E0929E98F8C00F571CB /* Resources */ = {
			isa = PBXResourcesBuildPhase;
			buildActionMask = 2147483647;
			files = (
			);
			runOnlyForDeploymentPostprocessing = 0;
		};
		9B302E1329E98F8C00F571CB /* Resources */ = {
			isa = PBXResourcesBuildPhase;
			buildActionMask = 2147483647;
			files = (
			);
			runOnlyForDeploymentPostprocessing = 0;
		};
/* End PBXResourcesBuildPhase section */

/* Begin PBXShellScriptBuildPhase section */
		9B302E2E29E9912900F571CB /* SwiftLint Script */ = {
			isa = PBXShellScriptBuildPhase;
			alwaysOutOfDate = 1;
			buildActionMask = 2147483647;
			files = (
			);
			inputFileListPaths = (
			);
			inputPaths = (
			);
			name = "SwiftLint Script";
			outputFileListPaths = (
			);
			outputPaths = (
			);
			runOnlyForDeploymentPostprocessing = 0;
			shellPath = /bin/sh;
			shellScript = "# Type a script or drag a script file from your workspace to insert its path.\nexport PATH=\"$PATH:/opt/homebrew/bin\"\nif which swiftlint > /dev/null; then\n  swiftlint\nelse\n  echo \"warning: SwiftLint not installed, download from https://github.com/realm/SwiftLint\"\nfi\n";
		};
		9B302E2F29E9914300F571CB /* SwiftFormat Script */ = {
			isa = PBXShellScriptBuildPhase;
			alwaysOutOfDate = 1;
			buildActionMask = 2147483647;
			files = (
			);
			inputFileListPaths = (
			);
			inputPaths = (
			);
			name = "SwiftFormat Script";
			outputFileListPaths = (
			);
			outputPaths = (
			);
			runOnlyForDeploymentPostprocessing = 0;
			shellPath = /bin/sh;
			shellScript = "# Type a script or drag a script file from your workspace to insert its path.\nexport PATH=\"$PATH:/opt/homebrew/bin\"\nif which swiftformat > /dev/null; then\n  swiftformat .\nelse\n  echo \"warning: SwiftFormat not installed, download from https://github.com/nicklockwood/SwiftFormat\"\nfi\n";
		};
/* End PBXShellScriptBuildPhase section */

/* Begin PBXSourcesBuildPhase section */
		9B302DF229E98F8B00F571CB /* Sources */ = {
			isa = PBXSourcesBuildPhase;
			buildActionMask = 2147483647;
			files = (
				9B680EA929EB185600438853 /* HorizontalButtonView.swift in Sources */,
				9B680EAD29EB185600438853 /* CameraPreviewView.swift in Sources */,
				9B680EC029EB18CB00438853 /* CameraView.swift in Sources */,
				9B680EC229EB18D600438853 /* MainView.swift in Sources */,
				9B680EB629EB187C00438853 /* Bundle+Extension.swift in Sources */,
				9B680EAC29EB185600438853 /* CircleButtonView.swift in Sources */,
				9B10E38329EB1BEA00F12BBC /* NPhotoEntity+Properties.swift in Sources */,
				9B680EAE29EB185600438853 /* UserInterface.swift in Sources */,
				9B680EBC29EB187C00438853 /* Log.swift in Sources */,
				9B680EB829EB187C00438853 /* Util.swift in Sources */,
				9B680EAB29EB185600438853 /* AVCaptureSessionPreview.swift in Sources */,
				9B680ECB29EB199E00438853 /* Reconlabs.xcdatamodeld in Sources */,
				9B10E38129EB1BCB00F12BBC /* NPhotoEntity+Class.swift in Sources */,
				9B680EAA29EB185600438853 /* ButtonView.swift in Sources */,
				9B680EB929EB187C00438853 /* CoreDataHelper.swift in Sources */,
				9B302E0329E98F8C00F571CB /* Persistence.swift in Sources */,
				9B680EA829EB185600438853 /* CameraPreviewViewModel.swift in Sources */,
				9B680EBA29EB187C00438853 /* PersistenceHelper.swift in Sources */,
				9B302DFA29E98F8B00F571CB /* ReconlabsApp.swift in Sources */,
			);
			runOnlyForDeploymentPostprocessing = 0;
		};
		9B302E0729E98F8C00F571CB /* Sources */ = {
			isa = PBXSourcesBuildPhase;
			buildActionMask = 2147483647;
			files = (
				9B302E1029E98F8C00F571CB /* ReconlabsTests.swift in Sources */,
			);
			runOnlyForDeploymentPostprocessing = 0;
		};
		9B302E1129E98F8C00F571CB /* Sources */ = {
			isa = PBXSourcesBuildPhase;
			buildActionMask = 2147483647;
			files = (
				9B302E1C29E98F8C00F571CB /* ReconlabsUITestsLaunchTests.swift in Sources */,
				9B302E1A29E98F8C00F571CB /* ReconlabsUITests.swift in Sources */,
			);
			runOnlyForDeploymentPostprocessing = 0;
		};
/* End PBXSourcesBuildPhase section */

/* Begin PBXTargetDependency section */
		9B302E0D29E98F8C00F571CB /* PBXTargetDependency */ = {
			isa = PBXTargetDependency;
			target = 9B302DF529E98F8B00F571CB /* Reconlabs */;
			targetProxy = 9B302E0C29E98F8C00F571CB /* PBXContainerItemProxy */;
		};
		9B302E1729E98F8C00F571CB /* PBXTargetDependency */ = {
			isa = PBXTargetDependency;
			target = 9B302DF529E98F8B00F571CB /* Reconlabs */;
			targetProxy = 9B302E1629E98F8C00F571CB /* PBXContainerItemProxy */;
		};
/* End PBXTargetDependency section */

/* Begin XCBuildConfiguration section */
		9B302E1D29E98F8C00F571CB /* Debug */ = {
			isa = XCBuildConfiguration;
			buildSettings = {
				ALWAYS_SEARCH_USER_PATHS = NO;
				CLANG_ANALYZER_NONNULL = YES;
				CLANG_ANALYZER_NUMBER_OBJECT_CONVERSION = YES_AGGRESSIVE;
				CLANG_CXX_LANGUAGE_STANDARD = "gnu++20";
				CLANG_ENABLE_MODULES = YES;
				CLANG_ENABLE_OBJC_ARC = YES;
				CLANG_ENABLE_OBJC_WEAK = YES;
				CLANG_WARN_BLOCK_CAPTURE_AUTORELEASING = YES;
				CLANG_WARN_BOOL_CONVERSION = YES;
				CLANG_WARN_COMMA = YES;
				CLANG_WARN_CONSTANT_CONVERSION = YES;
				CLANG_WARN_DEPRECATED_OBJC_IMPLEMENTATIONS = YES;
				CLANG_WARN_DIRECT_OBJC_ISA_USAGE = YES_ERROR;
				CLANG_WARN_DOCUMENTATION_COMMENTS = YES;
				CLANG_WARN_EMPTY_BODY = YES;
				CLANG_WARN_ENUM_CONVERSION = YES;
				CLANG_WARN_INFINITE_RECURSION = YES;
				CLANG_WARN_INT_CONVERSION = YES;
				CLANG_WARN_NON_LITERAL_NULL_CONVERSION = YES;
				CLANG_WARN_OBJC_IMPLICIT_RETAIN_SELF = YES;
				CLANG_WARN_OBJC_LITERAL_CONVERSION = YES;
				CLANG_WARN_OBJC_ROOT_CLASS = YES_ERROR;
				CLANG_WARN_QUOTED_INCLUDE_IN_FRAMEWORK_HEADER = YES;
				CLANG_WARN_RANGE_LOOP_ANALYSIS = YES;
				CLANG_WARN_STRICT_PROTOTYPES = YES;
				CLANG_WARN_SUSPICIOUS_MOVE = YES;
				CLANG_WARN_UNGUARDED_AVAILABILITY = YES_AGGRESSIVE;
				CLANG_WARN_UNREACHABLE_CODE = YES;
				CLANG_WARN__DUPLICATE_METHOD_MATCH = YES;
				COPY_PHASE_STRIP = NO;
				DEBUG_INFORMATION_FORMAT = dwarf;
				ENABLE_STRICT_OBJC_MSGSEND = YES;
				ENABLE_TESTABILITY = YES;
				GCC_C_LANGUAGE_STANDARD = gnu11;
				GCC_DYNAMIC_NO_PIC = NO;
				GCC_NO_COMMON_BLOCKS = YES;
				GCC_OPTIMIZATION_LEVEL = 0;
				GCC_PREPROCESSOR_DEFINITIONS = (
					"DEBUG=1",
					"$(inherited)",
				);
				GCC_WARN_64_TO_32_BIT_CONVERSION = YES;
				GCC_WARN_ABOUT_RETURN_TYPE = YES_ERROR;
				GCC_WARN_UNDECLARED_SELECTOR = YES;
				GCC_WARN_UNINITIALIZED_AUTOS = YES_AGGRESSIVE;
				GCC_WARN_UNUSED_FUNCTION = YES;
				GCC_WARN_UNUSED_VARIABLE = YES;
				IPHONEOS_DEPLOYMENT_TARGET = 16.2;
				MTL_ENABLE_DEBUG_INFO = INCLUDE_SOURCE;
				MTL_FAST_MATH = YES;
				ONLY_ACTIVE_ARCH = YES;
				SDKROOT = iphoneos;
				SWIFT_ACTIVE_COMPILATION_CONDITIONS = DEBUG;
				SWIFT_OPTIMIZATION_LEVEL = "-Onone";
			};
			name = Debug;
		};
		9B302E1E29E98F8C00F571CB /* Release */ = {
			isa = XCBuildConfiguration;
			buildSettings = {
				ALWAYS_SEARCH_USER_PATHS = NO;
				CLANG_ANALYZER_NONNULL = YES;
				CLANG_ANALYZER_NUMBER_OBJECT_CONVERSION = YES_AGGRESSIVE;
				CLANG_CXX_LANGUAGE_STANDARD = "gnu++20";
				CLANG_ENABLE_MODULES = YES;
				CLANG_ENABLE_OBJC_ARC = YES;
				CLANG_ENABLE_OBJC_WEAK = YES;
				CLANG_WARN_BLOCK_CAPTURE_AUTORELEASING = YES;
				CLANG_WARN_BOOL_CONVERSION = YES;
				CLANG_WARN_COMMA = YES;
				CLANG_WARN_CONSTANT_CONVERSION = YES;
				CLANG_WARN_DEPRECATED_OBJC_IMPLEMENTATIONS = YES;
				CLANG_WARN_DIRECT_OBJC_ISA_USAGE = YES_ERROR;
				CLANG_WARN_DOCUMENTATION_COMMENTS = YES;
				CLANG_WARN_EMPTY_BODY = YES;
				CLANG_WARN_ENUM_CONVERSION = YES;
				CLANG_WARN_INFINITE_RECURSION = YES;
				CLANG_WARN_INT_CONVERSION = YES;
				CLANG_WARN_NON_LITERAL_NULL_CONVERSION = YES;
				CLANG_WARN_OBJC_IMPLICIT_RETAIN_SELF = YES;
				CLANG_WARN_OBJC_LITERAL_CONVERSION = YES;
				CLANG_WARN_OBJC_ROOT_CLASS = YES_ERROR;
				CLANG_WARN_QUOTED_INCLUDE_IN_FRAMEWORK_HEADER = YES;
				CLANG_WARN_RANGE_LOOP_ANALYSIS = YES;
				CLANG_WARN_STRICT_PROTOTYPES = YES;
				CLANG_WARN_SUSPICIOUS_MOVE = YES;
				CLANG_WARN_UNGUARDED_AVAILABILITY = YES_AGGRESSIVE;
				CLANG_WARN_UNREACHABLE_CODE = YES;
				CLANG_WARN__DUPLICATE_METHOD_MATCH = YES;
				COPY_PHASE_STRIP = NO;
				DEBUG_INFORMATION_FORMAT = "dwarf-with-dsym";
				ENABLE_NS_ASSERTIONS = NO;
				ENABLE_STRICT_OBJC_MSGSEND = YES;
				GCC_C_LANGUAGE_STANDARD = gnu11;
				GCC_NO_COMMON_BLOCKS = YES;
				GCC_WARN_64_TO_32_BIT_CONVERSION = YES;
				GCC_WARN_ABOUT_RETURN_TYPE = YES_ERROR;
				GCC_WARN_UNDECLARED_SELECTOR = YES;
				GCC_WARN_UNINITIALIZED_AUTOS = YES_AGGRESSIVE;
				GCC_WARN_UNUSED_FUNCTION = YES;
				GCC_WARN_UNUSED_VARIABLE = YES;
				IPHONEOS_DEPLOYMENT_TARGET = 16.2;
				MTL_ENABLE_DEBUG_INFO = NO;
				MTL_FAST_MATH = YES;
				SDKROOT = iphoneos;
				SWIFT_COMPILATION_MODE = wholemodule;
				SWIFT_OPTIMIZATION_LEVEL = "-O";
				VALIDATE_PRODUCT = YES;
			};
			name = Release;
		};
		9B302E2029E98F8C00F571CB /* Debug */ = {
			isa = XCBuildConfiguration;
			buildSettings = {
				ASSETCATALOG_COMPILER_APPICON_NAME = AppIcon;
				ASSETCATALOG_COMPILER_GLOBAL_ACCENT_COLOR_NAME = AccentColor;
				CODE_SIGN_STYLE = Automatic;
				CURRENT_PROJECT_VERSION = 1;
				DEVELOPMENT_ASSET_PATHS = "\"Reconlabs/Preview Content\"";
				DEVELOPMENT_TEAM = 23P4QWNW7G;
				ENABLE_PREVIEWS = YES;
				GENERATE_INFOPLIST_FILE = YES;
				INFOPLIST_KEY_NSCameraUsageDescription = "카메라 권한이 필요합니다.";
				INFOPLIST_KEY_UIApplicationSceneManifest_Generation = YES;
				INFOPLIST_KEY_UIApplicationSupportsIndirectInputEvents = YES;
				INFOPLIST_KEY_UILaunchScreen_Generation = YES;
				INFOPLIST_KEY_UISupportedInterfaceOrientations_iPad = "UIInterfaceOrientationPortrait UIInterfaceOrientationPortraitUpsideDown UIInterfaceOrientationLandscapeLeft UIInterfaceOrientationLandscapeRight";
				INFOPLIST_KEY_UISupportedInterfaceOrientations_iPhone = "UIInterfaceOrientationPortrait UIInterfaceOrientationLandscapeLeft UIInterfaceOrientationLandscapeRight";
				IPHONEOS_DEPLOYMENT_TARGET = 16.1;
				LD_RUNPATH_SEARCH_PATHS = (
					"$(inherited)",
					"@executable_path/Frameworks",
				);
				MARKETING_VERSION = 1.0;
				PRODUCT_BUNDLE_IDENTIFIER = com.adliveon.Reconlabs;
				PRODUCT_NAME = "$(TARGET_NAME)";
				SWIFT_EMIT_LOC_STRINGS = YES;
				SWIFT_VERSION = 5.0;
				TARGETED_DEVICE_FAMILY = "1,2";
			};
			name = Debug;
		};
		9B302E2129E98F8C00F571CB /* Release */ = {
			isa = XCBuildConfiguration;
			buildSettings = {
				ASSETCATALOG_COMPILER_APPICON_NAME = AppIcon;
				ASSETCATALOG_COMPILER_GLOBAL_ACCENT_COLOR_NAME = AccentColor;
				CODE_SIGN_STYLE = Automatic;
				CURRENT_PROJECT_VERSION = 1;
				DEVELOPMENT_ASSET_PATHS = "\"Reconlabs/Preview Content\"";
				DEVELOPMENT_TEAM = 23P4QWNW7G;
				ENABLE_PREVIEWS = YES;
				GENERATE_INFOPLIST_FILE = YES;
				INFOPLIST_KEY_NSCameraUsageDescription = "카메라 권한이 필요합니다.";
				INFOPLIST_KEY_UIApplicationSceneManifest_Generation = YES;
				INFOPLIST_KEY_UIApplicationSupportsIndirectInputEvents = YES;
				INFOPLIST_KEY_UILaunchScreen_Generation = YES;
				INFOPLIST_KEY_UISupportedInterfaceOrientations_iPad = "UIInterfaceOrientationPortrait UIInterfaceOrientationPortraitUpsideDown UIInterfaceOrientationLandscapeLeft UIInterfaceOrientationLandscapeRight";
				INFOPLIST_KEY_UISupportedInterfaceOrientations_iPhone = "UIInterfaceOrientationPortrait UIInterfaceOrientationLandscapeLeft UIInterfaceOrientationLandscapeRight";
				IPHONEOS_DEPLOYMENT_TARGET = 16.1;
				LD_RUNPATH_SEARCH_PATHS = (
					"$(inherited)",
					"@executable_path/Frameworks",
				);
				MARKETING_VERSION = 1.0;
				PRODUCT_BUNDLE_IDENTIFIER = com.adliveon.Reconlabs;
				PRODUCT_NAME = "$(TARGET_NAME)";
				SWIFT_EMIT_LOC_STRINGS = YES;
				SWIFT_VERSION = 5.0;
				TARGETED_DEVICE_FAMILY = "1,2";
			};
			name = Release;
		};
		9B302E2329E98F8C00F571CB /* Debug */ = {
			isa = XCBuildConfiguration;
			buildSettings = {
				ALWAYS_EMBED_SWIFT_STANDARD_LIBRARIES = YES;
				BUNDLE_LOADER = "$(TEST_HOST)";
				CODE_SIGN_STYLE = Automatic;
				CURRENT_PROJECT_VERSION = 1;
				DEVELOPMENT_TEAM = 23P4QWNW7G;
				GENERATE_INFOPLIST_FILE = YES;
				IPHONEOS_DEPLOYMENT_TARGET = 16.2;
				MARKETING_VERSION = 1.0;
				PRODUCT_BUNDLE_IDENTIFIER = com.adliveon.ReconlabsTests;
				PRODUCT_NAME = "$(TARGET_NAME)";
				SWIFT_EMIT_LOC_STRINGS = NO;
				SWIFT_VERSION = 5.0;
				TARGETED_DEVICE_FAMILY = "1,2";
				TEST_HOST = "$(BUILT_PRODUCTS_DIR)/Reconlabs.app/$(BUNDLE_EXECUTABLE_FOLDER_PATH)/Reconlabs";
			};
			name = Debug;
		};
		9B302E2429E98F8C00F571CB /* Release */ = {
			isa = XCBuildConfiguration;
			buildSettings = {
				ALWAYS_EMBED_SWIFT_STANDARD_LIBRARIES = YES;
				BUNDLE_LOADER = "$(TEST_HOST)";
				CODE_SIGN_STYLE = Automatic;
				CURRENT_PROJECT_VERSION = 1;
				DEVELOPMENT_TEAM = 23P4QWNW7G;
				GENERATE_INFOPLIST_FILE = YES;
				IPHONEOS_DEPLOYMENT_TARGET = 16.2;
				MARKETING_VERSION = 1.0;
				PRODUCT_BUNDLE_IDENTIFIER = com.adliveon.ReconlabsTests;
				PRODUCT_NAME = "$(TARGET_NAME)";
				SWIFT_EMIT_LOC_STRINGS = NO;
				SWIFT_VERSION = 5.0;
				TARGETED_DEVICE_FAMILY = "1,2";
				TEST_HOST = "$(BUILT_PRODUCTS_DIR)/Reconlabs.app/$(BUNDLE_EXECUTABLE_FOLDER_PATH)/Reconlabs";
			};
			name = Release;
		};
		9B302E2629E98F8C00F571CB /* Debug */ = {
			isa = XCBuildConfiguration;
			buildSettings = {
				ALWAYS_EMBED_SWIFT_STANDARD_LIBRARIES = YES;
				CODE_SIGN_STYLE = Automatic;
				CURRENT_PROJECT_VERSION = 1;
				DEVELOPMENT_TEAM = 23P4QWNW7G;
				GENERATE_INFOPLIST_FILE = YES;
				MARKETING_VERSION = 1.0;
				PRODUCT_BUNDLE_IDENTIFIER = com.adliveon.ReconlabsUITests;
				PRODUCT_NAME = "$(TARGET_NAME)";
				SWIFT_EMIT_LOC_STRINGS = NO;
				SWIFT_VERSION = 5.0;
				TARGETED_DEVICE_FAMILY = "1,2";
				TEST_TARGET_NAME = Reconlabs;
			};
			name = Debug;
		};
		9B302E2729E98F8C00F571CB /* Release */ = {
			isa = XCBuildConfiguration;
			buildSettings = {
				ALWAYS_EMBED_SWIFT_STANDARD_LIBRARIES = YES;
				CODE_SIGN_STYLE = Automatic;
				CURRENT_PROJECT_VERSION = 1;
				DEVELOPMENT_TEAM = 23P4QWNW7G;
				GENERATE_INFOPLIST_FILE = YES;
				MARKETING_VERSION = 1.0;
				PRODUCT_BUNDLE_IDENTIFIER = com.adliveon.ReconlabsUITests;
				PRODUCT_NAME = "$(TARGET_NAME)";
				SWIFT_EMIT_LOC_STRINGS = NO;
				SWIFT_VERSION = 5.0;
				TARGETED_DEVICE_FAMILY = "1,2";
				TEST_TARGET_NAME = Reconlabs;
			};
			name = Release;
		};
/* End XCBuildConfiguration section */

/* Begin XCConfigurationList section */
		9B302DF129E98F8B00F571CB /* Build configuration list for PBXProject "Reconlabs" */ = {
			isa = XCConfigurationList;
			buildConfigurations = (
				9B302E1D29E98F8C00F571CB /* Debug */,
				9B302E1E29E98F8C00F571CB /* Release */,
			);
			defaultConfigurationIsVisible = 0;
			defaultConfigurationName = Release;
		};
		9B302E1F29E98F8C00F571CB /* Build configuration list for PBXNativeTarget "Reconlabs" */ = {
			isa = XCConfigurationList;
			buildConfigurations = (
				9B302E2029E98F8C00F571CB /* Debug */,
				9B302E2129E98F8C00F571CB /* Release */,
			);
			defaultConfigurationIsVisible = 0;
			defaultConfigurationName = Release;
		};
		9B302E2229E98F8C00F571CB /* Build configuration list for PBXNativeTarget "ReconlabsTests" */ = {
			isa = XCConfigurationList;
			buildConfigurations = (
				9B302E2329E98F8C00F571CB /* Debug */,
				9B302E2429E98F8C00F571CB /* Release */,
			);
			defaultConfigurationIsVisible = 0;
			defaultConfigurationName = Release;
		};
		9B302E2529E98F8C00F571CB /* Build configuration list for PBXNativeTarget "ReconlabsUITests" */ = {
			isa = XCConfigurationList;
			buildConfigurations = (
				9B302E2629E98F8C00F571CB /* Debug */,
				9B302E2729E98F8C00F571CB /* Release */,
			);
			defaultConfigurationIsVisible = 0;
			defaultConfigurationName = Release;
		};
/* End XCConfigurationList section */

/* Begin XCVersionGroup section */
		9B680EC929EB199E00438853 /* Reconlabs.xcdatamodeld */ = {
			isa = XCVersionGroup;
			children = (
				9B680ECA29EB199E00438853 /* Reconlabs.xcdatamodel */,
			);
			currentVersion = 9B680ECA29EB199E00438853 /* Reconlabs.xcdatamodel */;
			path = Reconlabs.xcdatamodeld;
			sourceTree = "<group>";
			versionGroupType = wrapper.xcdatamodel;
		};
/* End XCVersionGroup section */
	};
	rootObject = 9B302DEE29E98F8B00F571CB /* Project object */;
}
